// !$*UTF8*$!
{
	archiveVersion = 1;
	classes = {
	};
	objectVersion = 46;
	objects = {

/* Begin PBXBuildFile section */
		84C5FF651D93EE730062EEA3 /* AppDelegate.swift in Sources */ = {isa = PBXBuildFile; fileRef = 84C5FF641D93EE730062EEA3 /* AppDelegate.swift */; };
		84C5FF6C1D93EE730062EEA3 /* Assets.xcassets in Resources */ = {isa = PBXBuildFile; fileRef = 84C5FF6B1D93EE730062EEA3 /* Assets.xcassets */; };
		84C5FF6F1D93EE730062EEA3 /* LaunchScreen.storyboard in Resources */ = {isa = PBXBuildFile; fileRef = 84C5FF6D1D93EE730062EEA3 /* LaunchScreen.storyboard */; };
		84C5FF8C1D93F6C70062EEA3 /* DQHomeViewController.swift in Sources */ = {isa = PBXBuildFile; fileRef = 84C5FF8B1D93F6C70062EEA3 /* DQHomeViewController.swift */; };
		84C5FF8E1D93F6DE0062EEA3 /* DQMessageViewController.swift in Sources */ = {isa = PBXBuildFile; fileRef = 84C5FF8D1D93F6DE0062EEA3 /* DQMessageViewController.swift */; };
		84C5FF901D93F72B0062EEA3 /* DQDiscoverViewController.swift in Sources */ = {isa = PBXBuildFile; fileRef = 84C5FF8F1D93F72B0062EEA3 /* DQDiscoverViewController.swift */; };
		84C5FF921D93F73D0062EEA3 /* DQProfileViewController.swift in Sources */ = {isa = PBXBuildFile; fileRef = 84C5FF911D93F73D0062EEA3 /* DQProfileViewController.swift */; };
		84C5FF941D93F7640062EEA3 /* DQBaseNavigationController.swift in Sources */ = {isa = PBXBuildFile; fileRef = 84C5FF931D93F7640062EEA3 /* DQBaseNavigationController.swift */; };
		84C5FF961D93F77F0062EEA3 /* DQTabBarController.swift in Sources */ = {isa = PBXBuildFile; fileRef = 84C5FF951D93F77F0062EEA3 /* DQTabBarController.swift */; };
		84C5FF991D94028B0062EEA3 /* DQBaseTabBar.swift in Sources */ = {isa = PBXBuildFile; fileRef = 84C5FF981D94028B0062EEA3 /* DQBaseTabBar.swift */; };
		84C5FF9B1D940D580062EEA3 /* UIBarButtonItem+Extension.swift in Sources */ = {isa = PBXBuildFile; fileRef = 84C5FF9A1D940D580062EEA3 /* UIBarButtonItem+Extension.swift */; };
		84C5FF9D1D9410830062EEA3 /* DQTempViewController.swift in Sources */ = {isa = PBXBuildFile; fileRef = 84C5FF9C1D9410830062EEA3 /* DQTempViewController.swift */; };
		84C5FF9F1D9412180062EEA3 /* DQSearchBarButton.swift in Sources */ = {isa = PBXBuildFile; fileRef = 84C5FF9E1D9412180062EEA3 /* DQSearchBarButton.swift */; };
		84C5FFA11D9412310062EEA3 /* DQSearchBarButton.xib in Resources */ = {isa = PBXBuildFile; fileRef = 84C5FFA01D9412310062EEA3 /* DQSearchBarButton.xib */; };
		84C5FFA31D9414060062EEA3 /* UIView+Extension.swift in Sources */ = {isa = PBXBuildFile; fileRef = 84C5FFA21D9414060062EEA3 /* UIView+Extension.swift */; };
		84F5DCCB1D954EC200C95B57 /* DQBaseTableViewController.swift in Sources */ = {isa = PBXBuildFile; fileRef = 84F5DCCA1D954EC200C95B57 /* DQBaseTableViewController.swift */; };
		84F5DCCD1D954F2F00C95B57 /* DQVisitorLoginView.swift in Sources */ = {isa = PBXBuildFile; fileRef = 84F5DCCC1D954F2F00C95B57 /* DQVisitorLoginView.swift */; };
		84F5DCCF1D9552C300C95B57 /* UILabel+Extension.swift in Sources */ = {isa = PBXBuildFile; fileRef = 84F5DCCE1D9552C300C95B57 /* UILabel+Extension.swift */; };
		84F5DCD11D95548C00C95B57 /* UIButton+Extension.swift in Sources */ = {isa = PBXBuildFile; fileRef = 84F5DCD01D95548C00C95B57 /* UIButton+Extension.swift */; };
		89CF137954AA352E4A6BC93B /* Pods_SinaWeibo.framework in Frameworks */ = {isa = PBXBuildFile; fileRef = CBB46C4A75FF79CAC70C5D0F /* Pods_SinaWeibo.framework */; };
/* End PBXBuildFile section */

/* Begin PBXFileReference section */
		08755E61446FD2336C1B189B /* Pods-SinaWeibo.debug.xcconfig */ = {isa = PBXFileReference; includeInIndex = 1; lastKnownFileType = text.xcconfig; name = "Pods-SinaWeibo.debug.xcconfig"; path = "Pods/Target Support Files/Pods-SinaWeibo/Pods-SinaWeibo.debug.xcconfig"; sourceTree = "<group>"; };
		75DFDB4F5F9478A5B9D622B8 /* Pods-SinaWeibo.release.xcconfig */ = {isa = PBXFileReference; includeInIndex = 1; lastKnownFileType = text.xcconfig; name = "Pods-SinaWeibo.release.xcconfig"; path = "Pods/Target Support Files/Pods-SinaWeibo/Pods-SinaWeibo.release.xcconfig"; sourceTree = "<group>"; };
		84C5FF611D93EE730062EEA3 /* SinaWeibo.app */ = {isa = PBXFileReference; explicitFileType = wrapper.application; includeInIndex = 0; path = SinaWeibo.app; sourceTree = BUILT_PRODUCTS_DIR; };
		84C5FF641D93EE730062EEA3 /* AppDelegate.swift */ = {isa = PBXFileReference; lastKnownFileType = sourcecode.swift; path = AppDelegate.swift; sourceTree = "<group>"; };
		84C5FF6B1D93EE730062EEA3 /* Assets.xcassets */ = {isa = PBXFileReference; lastKnownFileType = folder.assetcatalog; path = Assets.xcassets; sourceTree = "<group>"; };
		84C5FF6E1D93EE730062EEA3 /* Base */ = {isa = PBXFileReference; lastKnownFileType = file.storyboard; name = Base; path = Base.lproj/LaunchScreen.storyboard; sourceTree = "<group>"; };
		84C5FF701D93EE730062EEA3 /* Info.plist */ = {isa = PBXFileReference; lastKnownFileType = text.plist.xml; path = Info.plist; sourceTree = "<group>"; };
		84C5FF8B1D93F6C70062EEA3 /* DQHomeViewController.swift */ = {isa = PBXFileReference; fileEncoding = 4; lastKnownFileType = sourcecode.swift; path = DQHomeViewController.swift; sourceTree = "<group>"; };
		84C5FF8D1D93F6DE0062EEA3 /* DQMessageViewController.swift */ = {isa = PBXFileReference; fileEncoding = 4; lastKnownFileType = sourcecode.swift; path = DQMessageViewController.swift; sourceTree = "<group>"; };
		84C5FF8F1D93F72B0062EEA3 /* DQDiscoverViewController.swift */ = {isa = PBXFileReference; fileEncoding = 4; lastKnownFileType = sourcecode.swift; path = DQDiscoverViewController.swift; sourceTree = "<group>"; };
		84C5FF911D93F73D0062EEA3 /* DQProfileViewController.swift */ = {isa = PBXFileReference; fileEncoding = 4; lastKnownFileType = sourcecode.swift; path = DQProfileViewController.swift; sourceTree = "<group>"; };
		84C5FF931D93F7640062EEA3 /* DQBaseNavigationController.swift */ = {isa = PBXFileReference; fileEncoding = 4; lastKnownFileType = sourcecode.swift; path = DQBaseNavigationController.swift; sourceTree = "<group>"; };
		84C5FF951D93F77F0062EEA3 /* DQTabBarController.swift */ = {isa = PBXFileReference; fileEncoding = 4; lastKnownFileType = sourcecode.swift; path = DQTabBarController.swift; sourceTree = "<group>"; };
		84C5FF981D94028B0062EEA3 /* DQBaseTabBar.swift */ = {isa = PBXFileReference; fileEncoding = 4; lastKnownFileType = sourcecode.swift; path = DQBaseTabBar.swift; sourceTree = "<group>"; };
		84C5FF9A1D940D580062EEA3 /* UIBarButtonItem+Extension.swift */ = {isa = PBXFileReference; fileEncoding = 4; lastKnownFileType = sourcecode.swift; path = "UIBarButtonItem+Extension.swift"; sourceTree = "<group>"; };
		84C5FF9C1D9410830062EEA3 /* DQTempViewController.swift */ = {isa = PBXFileReference; fileEncoding = 4; lastKnownFileType = sourcecode.swift; path = DQTempViewController.swift; sourceTree = "<group>"; };
		84C5FF9E1D9412180062EEA3 /* DQSearchBarButton.swift */ = {isa = PBXFileReference; fileEncoding = 4; lastKnownFileType = sourcecode.swift; path = DQSearchBarButton.swift; sourceTree = "<group>"; };
		84C5FFA01D9412310062EEA3 /* DQSearchBarButton.xib */ = {isa = PBXFileReference; fileEncoding = 4; lastKnownFileType = file.xib; path = DQSearchBarButton.xib; sourceTree = "<group>"; };
		84C5FFA21D9414060062EEA3 /* UIView+Extension.swift */ = {isa = PBXFileReference; fileEncoding = 4; lastKnownFileType = sourcecode.swift; path = "UIView+Extension.swift"; sourceTree = "<group>"; };
		84F5DCCA1D954EC200C95B57 /* DQBaseTableViewController.swift */ = {isa = PBXFileReference; fileEncoding = 4; lastKnownFileType = sourcecode.swift; path = DQBaseTableViewController.swift; sourceTree = "<group>"; };
		84F5DCCC1D954F2F00C95B57 /* DQVisitorLoginView.swift */ = {isa = PBXFileReference; fileEncoding = 4; lastKnownFileType = sourcecode.swift; path = DQVisitorLoginView.swift; sourceTree = "<group>"; };
		84F5DCCE1D9552C300C95B57 /* UILabel+Extension.swift */ = {isa = PBXFileReference; fileEncoding = 4; lastKnownFileType = sourcecode.swift; path = "UILabel+Extension.swift"; sourceTree = "<group>"; };
		84F5DCD01D95548C00C95B57 /* UIButton+Extension.swift */ = {isa = PBXFileReference; fileEncoding = 4; lastKnownFileType = sourcecode.swift; path = "UIButton+Extension.swift"; sourceTree = "<group>"; };
		CBB46C4A75FF79CAC70C5D0F /* Pods_SinaWeibo.framework */ = {isa = PBXFileReference; explicitFileType = wrapper.framework; includeInIndex = 0; path = Pods_SinaWeibo.framework; sourceTree = BUILT_PRODUCTS_DIR; };
/* End PBXFileReference section */

/* Begin PBXFrameworksBuildPhase section */
		84C5FF5E1D93EE730062EEA3 /* Frameworks */ = {
			isa = PBXFrameworksBuildPhase;
			buildActionMask = 2147483647;
			files = (
				89CF137954AA352E4A6BC93B /* Pods_SinaWeibo.framework in Frameworks */,
			);
			runOnlyForDeploymentPostprocessing = 0;
		};
/* End PBXFrameworksBuildPhase section */

/* Begin PBXGroup section */
		3B44CD0864709C2D7FB3CED3 /* Frameworks */ = {
			isa = PBXGroup;
			children = (
				CBB46C4A75FF79CAC70C5D0F /* Pods_SinaWeibo.framework */,
			);
			name = Frameworks;
			sourceTree = "<group>";
		};
		84C5FF581D93EE730062EEA3 = {
			isa = PBXGroup;
			children = (
				84C5FF631D93EE730062EEA3 /* SinaWeibo */,
				84C5FF621D93EE730062EEA3 /* Products */,
				A346926354F0956BE55F6C0B /* Pods */,
				3B44CD0864709C2D7FB3CED3 /* Frameworks */,
			);
			sourceTree = "<group>";
		};
		84C5FF621D93EE730062EEA3 /* Products */ = {
			isa = PBXGroup;
			children = (
				84C5FF611D93EE730062EEA3 /* SinaWeibo.app */,
			);
			name = Products;
			sourceTree = "<group>";
		};
		84C5FF631D93EE730062EEA3 /* SinaWeibo */ = {
			isa = PBXGroup;
			children = (
				84C5FF761D93F6150062EEA3 /* Classes */,
				84C5FF641D93EE730062EEA3 /* AppDelegate.swift */,
				84C5FF6B1D93EE730062EEA3 /* Assets.xcassets */,
				84C5FF6D1D93EE730062EEA3 /* LaunchScreen.storyboard */,
				84C5FF701D93EE730062EEA3 /* Info.plist */,
			);
			path = SinaWeibo;
			sourceTree = "<group>";
		};
		84C5FF761D93F6150062EEA3 /* Classes */ = {
			isa = PBXGroup;
			children = (
				84C5FF7A1D93F6150062EEA3 /* View */,
				84C5FF8A1D93F6150062EEA3 /* ViewModel */,
				84C5FF771D93F6150062EEA3 /* Model */,
				84C5FF791D93F6150062EEA3 /* Tool */,
				84C5FF781D93F6150062EEA3 /* Other */,
			);
			path = Classes;
			sourceTree = "<group>";
		};
		84C5FF771D93F6150062EEA3 /* Model */ = {
			isa = PBXGroup;
			children = (
			);
			path = Model;
			sourceTree = "<group>";
		};
		84C5FF781D93F6150062EEA3 /* Other */ = {
			isa = PBXGroup;
			children = (
				84C5FF9C1D9410830062EEA3 /* DQTempViewController.swift */,
			);
			path = Other;
			sourceTree = "<group>";
		};
		84C5FF791D93F6150062EEA3 /* Tool */ = {
			isa = PBXGroup;
			children = (
				84C5FF971D93F8630062EEA3 /* Extension */,
			);
			path = Tool;
			sourceTree = "<group>";
		};
		84C5FF7A1D93F6150062EEA3 /* View */ = {
			isa = PBXGroup;
			children = (
				84C5FF811D93F6150062EEA3 /* Main */,
				84C5FF7E1D93F6150062EEA3 /* Home */,
				84C5FF841D93F6150062EEA3 /* Message */,
				84C5FF7B1D93F6150062EEA3 /* Discover */,
				84C5FF871D93F6150062EEA3 /* Profile */,
			);
			path = View;
			sourceTree = "<group>";
		};
		84C5FF7B1D93F6150062EEA3 /* Discover */ = {
			isa = PBXGroup;
			children = (
				84C5FF7C1D93F6150062EEA3 /* View */,
				84C5FF7D1D93F6150062EEA3 /* ViewController */,
			);
			path = Discover;
			sourceTree = "<group>";
		};
		84C5FF7C1D93F6150062EEA3 /* View */ = {
			isa = PBXGroup;
			children = (
				84C5FF9E1D9412180062EEA3 /* DQSearchBarButton.swift */,
				84C5FFA01D9412310062EEA3 /* DQSearchBarButton.xib */,
			);
			path = View;
			sourceTree = "<group>";
		};
		84C5FF7D1D93F6150062EEA3 /* ViewController */ = {
			isa = PBXGroup;
			children = (
				84C5FF8F1D93F72B0062EEA3 /* DQDiscoverViewController.swift */,
			);
			path = ViewController;
			sourceTree = "<group>";
		};
		84C5FF7E1D93F6150062EEA3 /* Home */ = {
			isa = PBXGroup;
			children = (
				84C5FF7F1D93F6150062EEA3 /* View */,
				84C5FF801D93F6150062EEA3 /* ViewController */,
			);
			path = Home;
			sourceTree = "<group>";
		};
		84C5FF7F1D93F6150062EEA3 /* View */ = {
			isa = PBXGroup;
			children = (
			);
			path = View;
			sourceTree = "<group>";
		};
		84C5FF801D93F6150062EEA3 /* ViewController */ = {
			isa = PBXGroup;
			children = (
				84C5FF8B1D93F6C70062EEA3 /* DQHomeViewController.swift */,
			);
			path = ViewController;
			sourceTree = "<group>";
		};
		84C5FF811D93F6150062EEA3 /* Main */ = {
			isa = PBXGroup;
			children = (
				84C5FF821D93F6150062EEA3 /* View */,
				84C5FF831D93F6150062EEA3 /* ViewController */,
			);
			path = Main;
			sourceTree = "<group>";
		};
		84C5FF821D93F6150062EEA3 /* View */ = {
			isa = PBXGroup;
			children = (
				84C5FF981D94028B0062EEA3 /* DQBaseTabBar.swift */,
				84F5DCCC1D954F2F00C95B57 /* DQVisitorLoginView.swift */,
			);
			path = View;
			sourceTree = "<group>";
		};
		84C5FF831D93F6150062EEA3 /* ViewController */ = {
			isa = PBXGroup;
			children = (
				84C5FF931D93F7640062EEA3 /* DQBaseNavigationController.swift */,
				84C5FF951D93F77F0062EEA3 /* DQTabBarController.swift */,
				84F5DCCA1D954EC200C95B57 /* DQBaseTableViewController.swift */,
			);
			path = ViewController;
			sourceTree = "<group>";
		};
		84C5FF841D93F6150062EEA3 /* Message */ = {
			isa = PBXGroup;
			children = (
				84C5FF851D93F6150062EEA3 /* View */,
				84C5FF861D93F6150062EEA3 /* ViewController */,
			);
			path = Message;
			sourceTree = "<group>";
		};
		84C5FF851D93F6150062EEA3 /* View */ = {
			isa = PBXGroup;
			children = (
			);
			path = View;
			sourceTree = "<group>";
		};
		84C5FF861D93F6150062EEA3 /* ViewController */ = {
			isa = PBXGroup;
			children = (
				84C5FF8D1D93F6DE0062EEA3 /* DQMessageViewController.swift */,
			);
			path = ViewController;
			sourceTree = "<group>";
		};
		84C5FF871D93F6150062EEA3 /* Profile */ = {
			isa = PBXGroup;
			children = (
				84C5FF881D93F6150062EEA3 /* View */,
				84C5FF891D93F6150062EEA3 /* ViewController */,
			);
			path = Profile;
			sourceTree = "<group>";
		};
		84C5FF881D93F6150062EEA3 /* View */ = {
			isa = PBXGroup;
			children = (
			);
			path = View;
			sourceTree = "<group>";
		};
		84C5FF891D93F6150062EEA3 /* ViewController */ = {
			isa = PBXGroup;
			children = (
				84C5FF911D93F73D0062EEA3 /* DQProfileViewController.swift */,
			);
			path = ViewController;
			sourceTree = "<group>";
		};
		84C5FF8A1D93F6150062EEA3 /* ViewModel */ = {
			isa = PBXGroup;
			children = (
			);
			path = ViewModel;
			sourceTree = "<group>";
		};
		84C5FF971D93F8630062EEA3 /* Extension */ = {
			isa = PBXGroup;
			children = (
				84C5FF9A1D940D580062EEA3 /* UIBarButtonItem+Extension.swift */,
				84C5FFA21D9414060062EEA3 /* UIView+Extension.swift */,
				84F5DCCE1D9552C300C95B57 /* UILabel+Extension.swift */,
				84F5DCD01D95548C00C95B57 /* UIButton+Extension.swift */,
			);
			path = Extension;
			sourceTree = "<group>";
		};
		A346926354F0956BE55F6C0B /* Pods */ = {
			isa = PBXGroup;
			children = (
				08755E61446FD2336C1B189B /* Pods-SinaWeibo.debug.xcconfig */,
				75DFDB4F5F9478A5B9D622B8 /* Pods-SinaWeibo.release.xcconfig */,
			);
			name = Pods;
			sourceTree = "<group>";
		};
/* End PBXGroup section */

/* Begin PBXNativeTarget section */
		84C5FF601D93EE730062EEA3 /* SinaWeibo */ = {
			isa = PBXNativeTarget;
			buildConfigurationList = 84C5FF731D93EE730062EEA3 /* Build configuration list for PBXNativeTarget "SinaWeibo" */;
			buildPhases = (
				18DCB46DA65BF8F292908E9E /* [CP] Check Pods Manifest.lock */,
				84C5FF5D1D93EE730062EEA3 /* Sources */,
				84C5FF5E1D93EE730062EEA3 /* Frameworks */,
				84C5FF5F1D93EE730062EEA3 /* Resources */,
				B06C946255DFB6E6BD9C98DC /* [CP] Embed Pods Frameworks */,
				3F125D198638D18CEA595497 /* [CP] Copy Pods Resources */,
			);
			buildRules = (
			);
			dependencies = (
			);
			name = SinaWeibo;
			productName = SinaWeibo;
			productReference = 84C5FF611D93EE730062EEA3 /* SinaWeibo.app */;
			productType = "com.apple.product-type.application";
		};
/* End PBXNativeTarget section */

/* Begin PBXProject section */
		84C5FF591D93EE730062EEA3 /* Project object */ = {
			isa = PBXProject;
			attributes = {
				CLASSPREFIX = DQ;
				LastSwiftUpdateCheck = 0800;
				LastUpgradeCheck = 0800;
				ORGANIZATIONNAME = Derrick_Qin;
				TargetAttributes = {
					84C5FF601D93EE730062EEA3 = {
						CreatedOnToolsVersion = 8.0;
						ProvisioningStyle = Automatic;
					};
				};
			};
			buildConfigurationList = 84C5FF5C1D93EE730062EEA3 /* Build configuration list for PBXProject "SinaWeibo" */;
			compatibilityVersion = "Xcode 3.2";
			developmentRegion = English;
			hasScannedForEncodings = 0;
			knownRegions = (
				en,
				Base,
			);
			mainGroup = 84C5FF581D93EE730062EEA3;
			productRefGroup = 84C5FF621D93EE730062EEA3 /* Products */;
			projectDirPath = "";
			projectRoot = "";
			targets = (
				84C5FF601D93EE730062EEA3 /* SinaWeibo */,
			);
		};
/* End PBXProject section */

/* Begin PBXResourcesBuildPhase section */
		84C5FF5F1D93EE730062EEA3 /* Resources */ = {
			isa = PBXResourcesBuildPhase;
			buildActionMask = 2147483647;
			files = (
				84C5FFA11D9412310062EEA3 /* DQSearchBarButton.xib in Resources */,
				84C5FF6F1D93EE730062EEA3 /* LaunchScreen.storyboard in Resources */,
				84C5FF6C1D93EE730062EEA3 /* Assets.xcassets in Resources */,
			);
			runOnlyForDeploymentPostprocessing = 0;
		};
/* End PBXResourcesBuildPhase section */

/* Begin PBXShellScriptBuildPhase section */
		18DCB46DA65BF8F292908E9E /* [CP] Check Pods Manifest.lock */ = {
			isa = PBXShellScriptBuildPhase;
			buildActionMask = 2147483647;
			files = (
			);
			inputPaths = (
			);
			name = "[CP] Check Pods Manifest.lock";
			outputPaths = (
			);
			runOnlyForDeploymentPostprocessing = 0;
			shellPath = /bin/sh;
			shellScript = "diff \"${PODS_ROOT}/../Podfile.lock\" \"${PODS_ROOT}/Manifest.lock\" > /dev/null\nif [ $? != 0 ] ; then\n    # print error to STDERR\n    echo \"error: The sandbox is not in sync with the Podfile.lock. Run 'pod install' or update your CocoaPods installation.\" >&2\n    exit 1\nfi\n";
			showEnvVarsInLog = 0;
		};
		3F125D198638D18CEA595497 /* [CP] Copy Pods Resources */ = {
			isa = PBXShellScriptBuildPhase;
			buildActionMask = 2147483647;
			files = (
			);
			inputPaths = (
			);
			name = "[CP] Copy Pods Resources";
			outputPaths = (
			);
			runOnlyForDeploymentPostprocessing = 0;
			shellPath = /bin/sh;
			shellScript = "\"${SRCROOT}/Pods/Target Support Files/Pods-SinaWeibo/Pods-SinaWeibo-resources.sh\"\n";
			showEnvVarsInLog = 0;
		};
		B06C946255DFB6E6BD9C98DC /* [CP] Embed Pods Frameworks */ = {
			isa = PBXShellScriptBuildPhase;
			buildActionMask = 2147483647;
			files = (
			);
			inputPaths = (
			);
			name = "[CP] Embed Pods Frameworks";
			outputPaths = (
			);
			runOnlyForDeploymentPostprocessing = 0;
			shellPath = /bin/sh;
			shellScript = "\"${SRCROOT}/Pods/Target Support Files/Pods-SinaWeibo/Pods-SinaWeibo-frameworks.sh\"\n";
			showEnvVarsInLog = 0;
		};
/* End PBXShellScriptBuildPhase section */

/* Begin PBXSourcesBuildPhase section */
		84C5FF5D1D93EE730062EEA3 /* Sources */ = {
			isa = PBXSourcesBuildPhase;
			buildActionMask = 2147483647;
			files = (
				84C5FF961D93F77F0062EEA3 /* DQTabBarController.swift in Sources */,
				84C5FF9D1D9410830062EEA3 /* DQTempViewController.swift in Sources */,
				84F5DCCF1D9552C300C95B57 /* UILabel+Extension.swift in Sources */,
				84F5DCCD1D954F2F00C95B57 /* DQVisitorLoginView.swift in Sources */,
				84C5FF9F1D9412180062EEA3 /* DQSearchBarButton.swift in Sources */,
				84F5DCD11D95548C00C95B57 /* UIButton+Extension.swift in Sources */,
				84F5DCCB1D954EC200C95B57 /* DQBaseTableViewController.swift in Sources */,
				84C5FF991D94028B0062EEA3 /* DQBaseTabBar.swift in Sources */,
				84C5FF901D93F72B0062EEA3 /* DQDiscoverViewController.swift in Sources */,
				84C5FF8C1D93F6C70062EEA3 /* DQHomeViewController.swift in Sources */,
				84C5FFA31D9414060062EEA3 /* UIView+Extension.swift in Sources */,
				84C5FF921D93F73D0062EEA3 /* DQProfileViewController.swift in Sources */,
				84C5FF8E1D93F6DE0062EEA3 /* DQMessageViewController.swift in Sources */,
				84C5FF941D93F7640062EEA3 /* DQBaseNavigationController.swift in Sources */,
				84C5FF9B1D940D580062EEA3 /* UIBarButtonItem+Extension.swift in Sources */,
				84C5FF651D93EE730062EEA3 /* AppDelegate.swift in Sources */,
			);
			runOnlyForDeploymentPostprocessing = 0;
		};
/* End PBXSourcesBuildPhase section */

/* Begin PBXVariantGroup section */
		84C5FF6D1D93EE730062EEA3 /* LaunchScreen.storyboard */ = {
			isa = PBXVariantGroup;
			children = (
				84C5FF6E1D93EE730062EEA3 /* Base */,
			);
			name = LaunchScreen.storyboard;
			sourceTree = "<group>";
		};
/* End PBXVariantGroup section */

/* Begin XCBuildConfiguration section */
		84C5FF711D93EE730062EEA3 /* Debug */ = {
			isa = XCBuildConfiguration;
			buildSettings = {
				ALWAYS_SEARCH_USER_PATHS = NO;
				CLANG_ANALYZER_NONNULL = YES;
				CLANG_CXX_LANGUAGE_STANDARD = "gnu++0x";
				CLANG_CXX_LIBRARY = "libc++";
				CLANG_ENABLE_MODULES = YES;
				CLANG_ENABLE_OBJC_ARC = YES;
				CLANG_WARN_BOOL_CONVERSION = YES;
				CLANG_WARN_CONSTANT_CONVERSION = YES;
				CLANG_WARN_DIRECT_OBJC_ISA_USAGE = YES_ERROR;
				CLANG_WARN_DOCUMENTATION_COMMENTS = YES;
				CLANG_WARN_EMPTY_BODY = YES;
				CLANG_WARN_ENUM_CONVERSION = YES;
				CLANG_WARN_INFINITE_RECURSION = YES;
				CLANG_WARN_INT_CONVERSION = YES;
				CLANG_WARN_OBJC_ROOT_CLASS = YES_ERROR;
				CLANG_WARN_SUSPICIOUS_MOVES = YES;
				CLANG_WARN_UNREACHABLE_CODE = YES;
				CLANG_WARN__DUPLICATE_METHOD_MATCH = YES;
				"CODE_SIGN_IDENTITY[sdk=iphoneos*]" = "iPhone Developer";
				COPY_PHASE_STRIP = NO;
				DEBUG_INFORMATION_FORMAT = dwarf;
				ENABLE_STRICT_OBJC_MSGSEND = YES;
				ENABLE_TESTABILITY = YES;
				GCC_C_LANGUAGE_STANDARD = gnu99;
				GCC_DYNAMIC_NO_PIC = NO;
				GCC_NO_COMMON_BLOCKS = YES;
				GCC_OPTIMIZATION_LEVEL = 0;
				GCC_PREPROCESSOR_DEFINITIONS = (
					"DEBUG=1",
					"$(inherited)",
				);
				GCC_WARN_64_TO_32_BIT_CONVERSION = YES;
				GCC_WARN_ABOUT_RETURN_TYPE = YES_ERROR;
				GCC_WARN_UNDECLARED_SELECTOR = YES;
				GCC_WARN_UNINITIALIZED_AUTOS = YES_AGGRESSIVE;
				GCC_WARN_UNUSED_FUNCTION = YES;
				GCC_WARN_UNUSED_VARIABLE = YES;
				IPHONEOS_DEPLOYMENT_TARGET = 10.0;
				MTL_ENABLE_DEBUG_INFO = YES;
				ONLY_ACTIVE_ARCH = YES;
				SDKROOT = iphoneos;
				SWIFT_ACTIVE_COMPILATION_CONDITIONS = DEBUG;
				SWIFT_OPTIMIZATION_LEVEL = "-Onone";
			};
			name = Debug;
		};
		84C5FF721D93EE730062EEA3 /* Release */ = {
			isa = XCBuildConfiguration;
			buildSettings = {
				ALWAYS_SEARCH_USER_PATHS = NO;
				CLANG_ANALYZER_NONNULL = YES;
				CLANG_CXX_LANGUAGE_STANDARD = "gnu++0x";
				CLANG_CXX_LIBRARY = "libc++";
				CLANG_ENABLE_MODULES = YES;
				CLANG_ENABLE_OBJC_ARC = YES;
				CLANG_WARN_BOOL_CONVERSION = YES;
				CLANG_WARN_CONSTANT_CONVERSION = YES;
				CLANG_WARN_DIRECT_OBJC_ISA_USAGE = YES_ERROR;
				CLANG_WARN_DOCUMENTATION_COMMENTS = YES;
				CLANG_WARN_EMPTY_BODY = YES;
				CLANG_WARN_ENUM_CONVERSION = YES;
				CLANG_WARN_INFINITE_RECURSION = YES;
				CLANG_WARN_INT_CONVERSION = YES;
				CLANG_WARN_OBJC_ROOT_CLASS = YES_ERROR;
				CLANG_WARN_SUSPICIOUS_MOVES = YES;
				CLANG_WARN_UNREACHABLE_CODE = YES;
				CLANG_WARN__DUPLICATE_METHOD_MATCH = YES;
				"CODE_SIGN_IDENTITY[sdk=iphoneos*]" = "iPhone Developer";
				COPY_PHASE_STRIP = NO;
				DEBUG_INFORMATION_FORMAT = "dwarf-with-dsym";
				ENABLE_NS_ASSERTIONS = NO;
				ENABLE_STRICT_OBJC_MSGSEND = YES;
				GCC_C_LANGUAGE_STANDARD = gnu99;
				GCC_NO_COMMON_BLOCKS = YES;
				GCC_WARN_64_TO_32_BIT_CONVERSION = YES;
				GCC_WARN_ABOUT_RETURN_TYPE = YES_ERROR;
				GCC_WARN_UNDECLARED_SELECTOR = YES;
				GCC_WARN_UNINITIALIZED_AUTOS = YES_AGGRESSIVE;
				GCC_WARN_UNUSED_FUNCTION = YES;
				GCC_WARN_UNUSED_VARIABLE = YES;
				IPHONEOS_DEPLOYMENT_TARGET = 10.0;
				MTL_ENABLE_DEBUG_INFO = NO;
				SDKROOT = iphoneos;
				SWIFT_OPTIMIZATION_LEVEL = "-Owholemodule";
				VALIDATE_PRODUCT = YES;
			};
			name = Release;
		};
		84C5FF741D93EE730062EEA3 /* Debug */ = {
			isa = XCBuildConfiguration;
			baseConfigurationReference = 08755E61446FD2336C1B189B /* Pods-SinaWeibo.debug.xcconfig */;
			buildSettings = {
				ASSETCATALOG_COMPILER_APPICON_NAME = AppIcon;
				ASSETCATALOG_COMPILER_LAUNCHIMAGE_NAME = LaunchImage;
				INFOPLIST_FILE = SinaWeibo/Info.plist;
				IPHONEOS_DEPLOYMENT_TARGET = 10.0;
				LD_RUNPATH_SEARCH_PATHS = "$(inherited) @executable_path/Frameworks";
				PRODUCT_BUNDLE_IDENTIFIER = com.DerrickQin.SinaWeibo;
				PRODUCT_NAME = "$(TARGET_NAME)";
				SWIFT_VERSION = 3.0;
			};
			name = Debug;
		};
		84C5FF751D93EE730062EEA3 /* Release */ = {
			isa = XCBuildConfiguration;
			baseConfigurationReference = 75DFDB4F5F9478A5B9D622B8 /* Pods-SinaWeibo.release.xcconfig */;
			buildSettings = {
				ASSETCATALOG_COMPILER_APPICON_NAME = AppIcon;
				ASSETCATALOG_COMPILER_LAUNCHIMAGE_NAME = LaunchImage;
				INFOPLIST_FILE = SinaWeibo/Info.plist;
				IPHONEOS_DEPLOYMENT_TARGET = 10.0;
				LD_RUNPATH_SEARCH_PATHS = "$(inherited) @executable_path/Frameworks";
				PRODUCT_BUNDLE_IDENTIFIER = com.DerrickQin.SinaWeibo;
				PRODUCT_NAME = "$(TARGET_NAME)";
				SWIFT_VERSION = 3.0;
			};
			name = Release;
		};
/* End XCBuildConfiguration section */

/* Begin XCConfigurationList section */
		84C5FF5C1D93EE730062EEA3 /* Build configuration list for PBXProject "SinaWeibo" */ = {
			isa = XCConfigurationList;
			buildConfigurations = (
				84C5FF711D93EE730062EEA3 /* Debug */,
				84C5FF721D93EE730062EEA3 /* Release */,
			);
			defaultConfigurationIsVisible = 0;
			defaultConfigurationName = Release;
		};
		84C5FF731D93EE730062EEA3 /* Build configuration list for PBXNativeTarget "SinaWeibo" */ = {
			isa = XCConfigurationList;
			buildConfigurations = (
				84C5FF741D93EE730062EEA3 /* Debug */,
				84C5FF751D93EE730062EEA3 /* Release */,
			);
			defaultConfigurationIsVisible = 0;
			defaultConfigurationName = Release;
		};
/* End XCConfigurationList section */
	};
	rootObject = 84C5FF591D93EE730062EEA3 /* Project object */;
}
